// !$*UTF8*$!
{
	archiveVersion = 1;
	classes = {
	};
	objectVersion = 50;
	objects = {

/* Begin PBXBuildFile section */
		920F194222816876007B32C7 /* AppDelegate.swift in Sources */ = {isa = PBXBuildFile; fileRef = 920F194122816876007B32C7 /* AppDelegate.swift */; };
		920F194722816876007B32C7 /* Main.storyboard in Resources */ = {isa = PBXBuildFile; fileRef = 920F194522816876007B32C7 /* Main.storyboard */; };
		920F194922816879007B32C7 /* Assets.xcassets in Resources */ = {isa = PBXBuildFile; fileRef = 920F194822816879007B32C7 /* Assets.xcassets */; };
		920F194C22816879007B32C7 /* LaunchScreen.storyboard in Resources */ = {isa = PBXBuildFile; fileRef = 920F194A22816879007B32C7 /* LaunchScreen.storyboard */; };
		920F195722816879007B32C7 /* GXCF_HZDTests.swift in Sources */ = {isa = PBXBuildFile; fileRef = 920F195622816879007B32C7 /* GXCF_HZDTests.swift */; };
		920F196222816879007B32C7 /* GXCF_HZDUITests.swift in Sources */ = {isa = PBXBuildFile; fileRef = 920F196122816879007B32C7 /* GXCF_HZDUITests.swift */; };
/* End PBXBuildFile section */

/* Begin PBXContainerItemProxy section */
		920F195322816879007B32C7 /* PBXContainerItemProxy */ = {
			isa = PBXContainerItemProxy;
			containerPortal = 920F193622816876007B32C7 /* Project object */;
			proxyType = 1;
			remoteGlobalIDString = 920F193D22816876007B32C7;
			remoteInfo = "GXCF-HZD";
		};
		920F195E22816879007B32C7 /* PBXContainerItemProxy */ = {
			isa = PBXContainerItemProxy;
			containerPortal = 920F193622816876007B32C7 /* Project object */;
			proxyType = 1;
			remoteGlobalIDString = 920F193D22816876007B32C7;
			remoteInfo = "GXCF-HZD";
		};
/* End PBXContainerItemProxy section */

/* Begin PBXFileReference section */
		920F193E22816876007B32C7 /* GXCF-HZD.app */ = {isa = PBXFileReference; explicitFileType = wrapper.application; includeInIndex = 0; path = "GXCF-HZD.app"; sourceTree = BUILT_PRODUCTS_DIR; };
		920F194122816876007B32C7 /* AppDelegate.swift */ = {isa = PBXFileReference; lastKnownFileType = sourcecode.swift; path = AppDelegate.swift; sourceTree = "<group>"; };
		920F194622816876007B32C7 /* Base */ = {isa = PBXFileReference; lastKnownFileType = file.storyboard; name = Base; path = Base.lproj/Main.storyboard; sourceTree = "<group>"; };
		920F194822816879007B32C7 /* Assets.xcassets */ = {isa = PBXFileReference; lastKnownFileType = folder.assetcatalog; path = Assets.xcassets; sourceTree = "<group>"; };
		920F194B22816879007B32C7 /* Base */ = {isa = PBXFileReference; lastKnownFileType = file.storyboard; name = Base; path = Base.lproj/LaunchScreen.storyboard; sourceTree = "<group>"; };
		920F194D22816879007B32C7 /* Info.plist */ = {isa = PBXFileReference; lastKnownFileType = text.plist.xml; path = Info.plist; sourceTree = "<group>"; };
		920F195222816879007B32C7 /* GXCF-HZDTests.xctest */ = {isa = PBXFileReference; explicitFileType = wrapper.cfbundle; includeInIndex = 0; path = "GXCF-HZDTests.xctest"; sourceTree = BUILT_PRODUCTS_DIR; };
		920F195622816879007B32C7 /* GXCF_HZDTests.swift */ = {isa = PBXFileReference; lastKnownFileType = sourcecode.swift; path = GXCF_HZDTests.swift; sourceTree = "<group>"; };
		920F195822816879007B32C7 /* Info.plist */ = {isa = PBXFileReference; lastKnownFileType = text.plist.xml; path = Info.plist; sourceTree = "<group>"; };
		920F195D22816879007B32C7 /* GXCF-HZDUITests.xctest */ = {isa = PBXFileReference; explicitFileType = wrapper.cfbundle; includeInIndex = 0; path = "GXCF-HZDUITests.xctest"; sourceTree = BUILT_PRODUCTS_DIR; };
		920F196122816879007B32C7 /* GXCF_HZDUITests.swift */ = {isa = PBXFileReference; lastKnownFileType = sourcecode.swift; path = GXCF_HZDUITests.swift; sourceTree = "<group>"; };
		920F196322816879007B32C7 /* Info.plist */ = {isa = PBXFileReference; lastKnownFileType = text.plist.xml; path = Info.plist; sourceTree = "<group>"; };
/* End PBXFileReference section */

/* Begin PBXFrameworksBuildPhase section */
		920F193B22816876007B32C7 /* Frameworks */ = {
			isa = PBXFrameworksBuildPhase;
			buildActionMask = 2147483647;
			files = (
			);
			runOnlyForDeploymentPostprocessing = 0;
		};
		920F194F22816879007B32C7 /* Frameworks */ = {
			isa = PBXFrameworksBuildPhase;
			buildActionMask = 2147483647;
			files = (
			);
			runOnlyForDeploymentPostprocessing = 0;
		};
		920F195A22816879007B32C7 /* Frameworks */ = {
			isa = PBXFrameworksBuildPhase;
			buildActionMask = 2147483647;
			files = (
			);
			runOnlyForDeploymentPostprocessing = 0;
		};
/* End PBXFrameworksBuildPhase section */

/* Begin PBXGroup section */
		920F193522816876007B32C7 = {
			isa = PBXGroup;
			children = (
				920F194022816876007B32C7 /* GXCF-HZD */,
				920F195522816879007B32C7 /* GXCF-HZDTests */,
				920F196022816879007B32C7 /* GXCF-HZDUITests */,
				920F193F22816876007B32C7 /* Products */,
			);
			sourceTree = "<group>";
		};
		920F193F22816876007B32C7 /* Products */ = {
			isa = PBXGroup;
			children = (
				920F193E22816876007B32C7 /* GXCF-HZD.app */,
				920F195222816879007B32C7 /* GXCF-HZDTests.xctest */,
				920F195D22816879007B32C7 /* GXCF-HZDUITests.xctest */,
			);
			name = Products;
			sourceTree = "<group>";
		};
		920F194022816876007B32C7 /* GXCF-HZD */ = {
			isa = PBXGroup;
			children = (
				920F194122816876007B32C7 /* AppDelegate.swift */,
				920F196F22816AA4007B32C7 /* Classes */,
			);
			path = "GXCF-HZD";
			sourceTree = "<group>";
		};
		920F195522816879007B32C7 /* GXCF-HZDTests */ = {
			isa = PBXGroup;
			children = (
				920F195622816879007B32C7 /* GXCF_HZDTests.swift */,
				920F195822816879007B32C7 /* Info.plist */,
			);
			path = "GXCF-HZDTests";
			sourceTree = "<group>";
		};
		920F196022816879007B32C7 /* GXCF-HZDUITests */ = {
			isa = PBXGroup;
			children = (
				920F196122816879007B32C7 /* GXCF_HZDUITests.swift */,
				920F196322816879007B32C7 /* Info.plist */,
			);
			path = "GXCF-HZDUITests";
			sourceTree = "<group>";
		};
		920F196F22816AA4007B32C7 /* Classes */ = {
			isa = PBXGroup;
			children = (
				920F197222816AA4007B32C7 /* Main */,
				920F197022816AA4007B32C7 /* Home */,
				920F197122816AA4007B32C7 /* Tools */,
				920F194522816876007B32C7 /* Main.storyboard */,
				920F194822816879007B32C7 /* Assets.xcassets */,
				920F194A22816879007B32C7 /* LaunchScreen.storyboard */,
				920F194D22816879007B32C7 /* Info.plist */,
			);
			path = Classes;
			sourceTree = "<group>";
		};
		920F197022816AA4007B32C7 /* Home */ = {
			isa = PBXGroup;
			children = (
			);
			path = Home;
			sourceTree = "<group>";
		};
		920F197122816AA4007B32C7 /* Tools */ = {
			isa = PBXGroup;
			children = (
			);
			path = Tools;
			sourceTree = "<group>";
		};
		920F197222816AA4007B32C7 /* Main */ = {
			isa = PBXGroup;
			children = (
			);
			path = Main;
			sourceTree = "<group>";
		};
/* End PBXGroup section */

/* Begin PBXNativeTarget section */
		920F193D22816876007B32C7 /* GXCF-HZD */ = {
			isa = PBXNativeTarget;
			buildConfigurationList = 920F196622816879007B32C7 /* Build configuration list for PBXNativeTarget "GXCF-HZD" */;
			buildPhases = (
				920F193A22816876007B32C7 /* Sources */,
				920F193B22816876007B32C7 /* Frameworks */,
				920F193C22816876007B32C7 /* Resources */,
			);
			buildRules = (
			);
			dependencies = (
			);
			name = "GXCF-HZD";
			productName = "GXCF-HZD";
			productReference = 920F193E22816876007B32C7 /* GXCF-HZD.app */;
			productType = "com.apple.product-type.application";
		};
		920F195122816879007B32C7 /* GXCF-HZDTests */ = {
			isa = PBXNativeTarget;
			buildConfigurationList = 920F196922816879007B32C7 /* Build configuration list for PBXNativeTarget "GXCF-HZDTests" */;
			buildPhases = (
				920F194E22816879007B32C7 /* Sources */,
				920F194F22816879007B32C7 /* Frameworks */,
				920F195022816879007B32C7 /* Resources */,
			);
			buildRules = (
			);
			dependencies = (
				920F195422816879007B32C7 /* PBXTargetDependency */,
			);
			name = "GXCF-HZDTests";
			productName = "GXCF-HZDTests";
			productReference = 920F195222816879007B32C7 /* GXCF-HZDTests.xctest */;
			productType = "com.apple.product-type.bundle.unit-test";
		};
		920F195C22816879007B32C7 /* GXCF-HZDUITests */ = {
			isa = PBXNativeTarget;
			buildConfigurationList = 920F196C22816879007B32C7 /* Build configuration list for PBXNativeTarget "GXCF-HZDUITests" */;
			buildPhases = (
				920F195922816879007B32C7 /* Sources */,
				920F195A22816879007B32C7 /* Frameworks */,
				920F195B22816879007B32C7 /* Resources */,
			);
			buildRules = (
			);
			dependencies = (
				920F195F22816879007B32C7 /* PBXTargetDependency */,
			);
			name = "GXCF-HZDUITests";
			productName = "GXCF-HZDUITests";
			productReference = 920F195D22816879007B32C7 /* GXCF-HZDUITests.xctest */;
			productType = "com.apple.product-type.bundle.ui-testing";
		};
/* End PBXNativeTarget section */

/* Begin PBXProject section */
		920F193622816876007B32C7 /* Project object */ = {
			isa = PBXProject;
			attributes = {
				LastSwiftUpdateCheck = 1020;
				LastUpgradeCheck = 1020;
				ORGANIZATIONNAME = "张振宇";
				TargetAttributes = {
					920F193D22816876007B32C7 = {
						CreatedOnToolsVersion = 10.2;
					};
					920F195122816879007B32C7 = {
						CreatedOnToolsVersion = 10.2;
						TestTargetID = 920F193D22816876007B32C7;
					};
					920F195C22816879007B32C7 = {
						CreatedOnToolsVersion = 10.2;
						TestTargetID = 920F193D22816876007B32C7;
					};
				};
			};
			buildConfigurationList = 920F193922816876007B32C7 /* Build configuration list for PBXProject "GXCF-HZD" */;
			compatibilityVersion = "Xcode 9.3";
			developmentRegion = en;
			hasScannedForEncodings = 0;
			knownRegions = (
				en,
				Base,
			);
			mainGroup = 920F193522816876007B32C7;
			productRefGroup = 920F193F22816876007B32C7 /* Products */;
			projectDirPath = "";
			projectRoot = "";
			targets = (
				920F193D22816876007B32C7 /* GXCF-HZD */,
				920F195122816879007B32C7 /* GXCF-HZDTests */,
				920F195C22816879007B32C7 /* GXCF-HZDUITests */,
			);
		};
/* End PBXProject section */

/* Begin PBXResourcesBuildPhase section */
		920F193C22816876007B32C7 /* Resources */ = {
			isa = PBXResourcesBuildPhase;
			buildActionMask = 2147483647;
			files = (
				920F194C22816879007B32C7 /* LaunchScreen.storyboard in Resources */,
				920F194922816879007B32C7 /* Assets.xcassets in Resources */,
				920F194722816876007B32C7 /* Main.storyboard in Resources */,
			);
			runOnlyForDeploymentPostprocessing = 0;
		};
		920F195022816879007B32C7 /* Resources */ = {
			isa = PBXResourcesBuildPhase;
			buildActionMask = 2147483647;
			files = (
			);
			runOnlyForDeploymentPostprocessing = 0;
		};
		920F195B22816879007B32C7 /* Resources */ = {
			isa = PBXResourcesBuildPhase;
			buildActionMask = 2147483647;
			files = (
			);
			runOnlyForDeploymentPostprocessing = 0;
		};
/* End PBXResourcesBuildPhase section */

/* Begin PBXSourcesBuildPhase section */
		920F193A22816876007B32C7 /* Sources */ = {
			isa = PBXSourcesBuildPhase;
			buildActionMask = 2147483647;
			files = (
				920F194222816876007B32C7 /* AppDelegate.swift in Sources */,
			);
			runOnlyForDeploymentPostprocessing = 0;
		};
		920F194E22816879007B32C7 /* Sources */ = {
			isa = PBXSourcesBuildPhase;
			buildActionMask = 2147483647;
			files = (
				920F195722816879007B32C7 /* GXCF_HZDTests.swift in Sources */,
			);
			runOnlyForDeploymentPostprocessing = 0;
		};
		920F195922816879007B32C7 /* Sources */ = {
			isa = PBXSourcesBuildPhase;
			buildActionMask = 2147483647;
			files = (
				920F196222816879007B32C7 /* GXCF_HZDUITests.swift in Sources */,
			);
			runOnlyForDeploymentPostprocessing = 0;
		};
/* End PBXSourcesBuildPhase section */

/* Begin PBXTargetDependency section */
		920F195422816879007B32C7 /* PBXTargetDependency */ = {
			isa = PBXTargetDependency;
			target = 920F193D22816876007B32C7 /* GXCF-HZD */;
			targetProxy = 920F195322816879007B32C7 /* PBXContainerItemProxy */;
		};
		920F195F22816879007B32C7 /* PBXTargetDependency */ = {
			isa = PBXTargetDependency;
			target = 920F193D22816876007B32C7 /* GXCF-HZD */;
			targetProxy = 920F195E22816879007B32C7 /* PBXContainerItemProxy */;
		};
/* End PBXTargetDependency section */

/* Begin PBXVariantGroup section */
		920F194522816876007B32C7 /* Main.storyboard */ = {
			isa = PBXVariantGroup;
			children = (
				920F194622816876007B32C7 /* Base */,
			);
			name = Main.storyboard;
			sourceTree = "<group>";
		};
		920F194A22816879007B32C7 /* LaunchScreen.storyboard */ = {
			isa = PBXVariantGroup;
			children = (
				920F194B22816879007B32C7 /* Base */,
			);
			name = LaunchScreen.storyboard;
			sourceTree = "<group>";
		};
/* End PBXVariantGroup section */

/* Begin XCBuildConfiguration section */
		920F196422816879007B32C7 /* Debug */ = {
			isa = XCBuildConfiguration;
			buildSettings = {
				ALWAYS_SEARCH_USER_PATHS = NO;
				CLANG_ANALYZER_NONNULL = YES;
				CLANG_ANALYZER_NUMBER_OBJECT_CONVERSION = YES_AGGRESSIVE;
				CLANG_CXX_LANGUAGE_STANDARD = "gnu++14";
				CLANG_CXX_LIBRARY = "libc++";
				CLANG_ENABLE_MODULES = YES;
				CLANG_ENABLE_OBJC_ARC = YES;
				CLANG_ENABLE_OBJC_WEAK = YES;
				CLANG_WARN_BLOCK_CAPTURE_AUTORELEASING = YES;
				CLANG_WARN_BOOL_CONVERSION = YES;
				CLANG_WARN_COMMA = YES;
				CLANG_WARN_CONSTANT_CONVERSION = YES;
				CLANG_WARN_DEPRECATED_OBJC_IMPLEMENTATIONS = YES;
				CLANG_WARN_DIRECT_OBJC_ISA_USAGE = YES_ERROR;
				CLANG_WARN_DOCUMENTATION_COMMENTS = YES;
				CLANG_WARN_EMPTY_BODY = YES;
				CLANG_WARN_ENUM_CONVERSION = YES;
				CLANG_WARN_INFINITE_RECURSION = YES;
				CLANG_WARN_INT_CONVERSION = YES;
				CLANG_WARN_NON_LITERAL_NULL_CONVERSION = YES;
				CLANG_WARN_OBJC_IMPLICIT_RETAIN_SELF = YES;
				CLANG_WARN_OBJC_LITERAL_CONVERSION = YES;
				CLANG_WARN_OBJC_ROOT_CLASS = YES_ERROR;
				CLANG_WARN_RANGE_LOOP_ANALYSIS = YES;
				CLANG_WARN_STRICT_PROTOTYPES = YES;
				CLANG_WARN_SUSPICIOUS_MOVE = YES;
				CLANG_WARN_UNGUARDED_AVAILABILITY = YES_AGGRESSIVE;
				CLANG_WARN_UNREACHABLE_CODE = YES;
				CLANG_WARN__DUPLICATE_METHOD_MATCH = YES;
				CODE_SIGN_IDENTITY = "iPhone Developer";
				COPY_PHASE_STRIP = NO;
				DEBUG_INFORMATION_FORMAT = dwarf;
				ENABLE_STRICT_OBJC_MSGSEND = YES;
				ENABLE_TESTABILITY = YES;
				GCC_C_LANGUAGE_STANDARD = gnu11;
				GCC_DYNAMIC_NO_PIC = NO;
				GCC_NO_COMMON_BLOCKS = YES;
				GCC_OPTIMIZATION_LEVEL = 0;
				GCC_PREPROCESSOR_DEFINITIONS = (
					"DEBUG=1",
					"$(inherited)",
				);
				GCC_WARN_64_TO_32_BIT_CONVERSION = YES;
				GCC_WARN_ABOUT_RETURN_TYPE = YES_ERROR;
				GCC_WARN_UNDECLARED_SELECTOR = YES;
				GCC_WARN_UNINITIALIZED_AUTOS = YES_AGGRESSIVE;
				GCC_WARN_UNUSED_FUNCTION = YES;
				GCC_WARN_UNUSED_VARIABLE = YES;
				IPHONEOS_DEPLOYMENT_TARGET = 12.2;
				MTL_ENABLE_DEBUG_INFO = INCLUDE_SOURCE;
				MTL_FAST_MATH = YES;
				ONLY_ACTIVE_ARCH = YES;
				SDKROOT = iphoneos;
				SWIFT_ACTIVE_COMPILATION_CONDITIONS = DEBUG;
				SWIFT_OPTIMIZATION_LEVEL = "-Onone";
			};
			name = Debug;
		};
		920F196522816879007B32C7 /* Release */ = {
			isa = XCBuildConfiguration;
			buildSettings = {
				ALWAYS_SEARCH_USER_PATHS = NO;
				CLANG_ANALYZER_NONNULL = YES;
				CLANG_ANALYZER_NUMBER_OBJECT_CONVERSION = YES_AGGRESSIVE;
				CLANG_CXX_LANGUAGE_STANDARD = "gnu++14";
				CLANG_CXX_LIBRARY = "libc++";
				CLANG_ENABLE_MODULES = YES;
				CLANG_ENABLE_OBJC_ARC = YES;
				CLANG_ENABLE_OBJC_WEAK = YES;
				CLANG_WARN_BLOCK_CAPTURE_AUTORELEASING = YES;
				CLANG_WARN_BOOL_CONVERSION = YES;
				CLANG_WARN_COMMA = YES;
				CLANG_WARN_CONSTANT_CONVERSION = YES;
				CLANG_WARN_DEPRECATED_OBJC_IMPLEMENTATIONS = YES;
				CLANG_WARN_DIRECT_OBJC_ISA_USAGE = YES_ERROR;
				CLANG_WARN_DOCUMENTATION_COMMENTS = YES;
				CLANG_WARN_EMPTY_BODY = YES;
				CLANG_WARN_ENUM_CONVERSION = YES;
				CLANG_WARN_INFINITE_RECURSION = YES;
				CLANG_WARN_INT_CONVERSION = YES;
				CLANG_WARN_NON_LITERAL_NULL_CONVERSION = YES;
				CLANG_WARN_OBJC_IMPLICIT_RETAIN_SELF = YES;
				CLANG_WARN_OBJC_LITERAL_CONVERSION = YES;
				CLANG_WARN_OBJC_ROOT_CLASS = YES_ERROR;
				CLANG_WARN_RANGE_LOOP_ANALYSIS = YES;
				CLANG_WARN_STRICT_PROTOTYPES = YES;
				CLANG_WARN_SUSPICIOUS_MOVE = YES;
				CLANG_WARN_UNGUARDED_AVAILABILITY = YES_AGGRESSIVE;
				CLANG_WARN_UNREACHABLE_CODE = YES;
				CLANG_WARN__DUPLICATE_METHOD_MATCH = YES;
				CODE_SIGN_IDENTITY = "iPhone Developer";
				COPY_PHASE_STRIP = NO;
				DEBUG_INFORMATION_FORMAT = "dwarf-with-dsym";
				ENABLE_NS_ASSERTIONS = NO;
				ENABLE_STRICT_OBJC_MSGSEND = YES;
				GCC_C_LANGUAGE_STANDARD = gnu11;
				GCC_NO_COMMON_BLOCKS = YES;
				GCC_WARN_64_TO_32_BIT_CONVERSION = YES;
				GCC_WARN_ABOUT_RETURN_TYPE = YES_ERROR;
				GCC_WARN_UNDECLARED_SELECTOR = YES;
				GCC_WARN_UNINITIALIZED_AUTOS = YES_AGGRESSIVE;
				GCC_WARN_UNUSED_FUNCTION = YES;
				GCC_WARN_UNUSED_VARIABLE = YES;
				IPHONEOS_DEPLOYMENT_TARGET = 12.2;
				MTL_ENABLE_DEBUG_INFO = NO;
				MTL_FAST_MATH = YES;
				SDKROOT = iphoneos;
				SWIFT_COMPILATION_MODE = wholemodule;
				SWIFT_OPTIMIZATION_LEVEL = "-O";
				VALIDATE_PRODUCT = YES;
			};
			name = Release;
		};
		920F196722816879007B32C7 /* Debug */ = {
			isa = XCBuildConfiguration;
			buildSettings = {
				ASSETCATALOG_COMPILER_APPICON_NAME = AppIcon;
				ASSETCATALOG_COMPILER_LAUNCHIMAGE_NAME = LaunchImage;
				CODE_SIGN_STYLE = Automatic;
				INFOPLIST_FILE = "GXCF-HZD/Info.plist";
				IPHONEOS_DEPLOYMENT_TARGET = 9.0;
				LD_RUNPATH_SEARCH_PATHS = (
					"$(inherited)",
					"@executable_path/Frameworks",
				);
				PRODUCT_BUNDLE_IDENTIFIER = "zzy.GXCF-HZD";
				PRODUCT_NAME = "$(TARGET_NAME)";
				SWIFT_VERSION = 4.2;
				TARGETED_DEVICE_FAMILY = 1;
			};
			name = Debug;
		};
		920F196822816879007B32C7 /* Release */ = {
			isa = XCBuildConfiguration;
			buildSettings = {
				ASSETCATALOG_COMPILER_APPICON_NAME = AppIcon;
				ASSETCATALOG_COMPILER_LAUNCHIMAGE_NAME = LaunchImage;
				CODE_SIGN_STYLE = Automatic;
				INFOPLIST_FILE = "GXCF-HZD/Info.plist";
				IPHONEOS_DEPLOYMENT_TARGET = 9.0;
				LD_RUNPATH_SEARCH_PATHS = (
					"$(inherited)",
					"@executable_path/Frameworks",
				);
				PRODUCT_BUNDLE_IDENTIFIER = "zzy.GXCF-HZD";
				PRODUCT_NAME = "$(TARGET_NAME)";
				SWIFT_VERSION = 4.2;
				TARGETED_DEVICE_FAMILY = 1;
			};
			name = Release;
		};
		920F196A22816879007B32C7 /* Debug */ = {
			isa = XCBuildConfiguration;
			buildSettings = {
				ALWAYS_EMBED_SWIFT_STANDARD_LIBRARIES = YES;
				BUNDLE_LOADER = "$(TEST_HOST)";
				CODE_SIGN_STYLE = Automatic;
				INFOPLIST_FILE = "GXCF-HZDTests/Info.plist";
				LD_RUNPATH_SEARCH_PATHS = (
					"$(inherited)",
					"@executable_path/Frameworks",
					"@loader_path/Frameworks",
				);
				PRODUCT_BUNDLE_IDENTIFIER = "zzy.GXCF-HZDTests";
				PRODUCT_NAME = "$(TARGET_NAME)";
				SWIFT_VERSION = 5.0;
				TARGETED_DEVICE_FAMILY = "1,2";
				TEST_HOST = "$(BUILT_PRODUCTS_DIR)/GXCF-HZD.app/GXCF-HZD";
			};
			name = Debug;
		};
		920F196B22816879007B32C7 /* Release */ = {
			isa = XCBuildConfiguration;
			buildSettings = {
				ALWAYS_EMBED_SWIFT_STANDARD_LIBRARIES = YES;
				BUNDLE_LOADER = "$(TEST_HOST)";
				CODE_SIGN_STYLE = Automatic;
				INFOPLIST_FILE = "GXCF-HZDTests/Info.plist";
				LD_RUNPATH_SEARCH_PATHS = (
					"$(inherited)",
					"@executable_path/Frameworks",
					"@loader_path/Frameworks",
				);
				PRODUCT_BUNDLE_IDENTIFIER = "zzy.GXCF-HZDTests";
				PRODUCT_NAME = "$(TARGET_NAME)";
				SWIFT_VERSION = 5.0;
				TARGETED_DEVICE_FAMILY = "1,2";
				TEST_HOST = "$(BUILT_PRODUCTS_DIR)/GXCF-HZD.app/GXCF-HZD";
			};
			name = Release;
		};
		920F196D22816879007B32C7 /* Debug */ = {
			isa = XCBuildConfiguration;
			buildSettings = {
				ALWAYS_EMBED_SWIFT_STANDARD_LIBRARIES = YES;
				CODE_SIGN_STYLE = Automatic;
				INFOPLIST_FILE = "GXCF-HZDUITests/Info.plist";
				LD_RUNPATH_SEARCH_PATHS = (
					"$(inherited)",
					"@executable_path/Frameworks",
					"@loader_path/Frameworks",
				);
				PRODUCT_BUNDLE_IDENTIFIER = "zzy.GXCF-HZDUITests";
				PRODUCT_NAME = "$(TARGET_NAME)";
				SWIFT_VERSION = 5.0;
				TARGETED_DEVICE_FAMILY = "1,2";
				TEST_TARGET_NAME = "GXCF-HZD";
			};
			name = Debug;
		};
		920F196E22816879007B32C7 /* Release */ = {
			isa = XCBuildConfiguration;
			buildSettings = {
				ALWAYS_EMBED_SWIFT_STANDARD_LIBRARIES = YES;
				CODE_SIGN_STYLE = Automatic;
				INFOPLIST_FILE = "GXCF-HZDUITests/Info.plist";
				LD_RUNPATH_SEARCH_PATHS = (
					"$(inherited)",
					"@executable_path/Frameworks",
					"@loader_path/Frameworks",
				);
				PRODUCT_BUNDLE_IDENTIFIER = "zzy.GXCF-HZDUITests";
				PRODUCT_NAME = "$(TARGET_NAME)";
				SWIFT_VERSION = 5.0;
				TARGETED_DEVICE_FAMILY = "1,2";
				TEST_TARGET_NAME = "GXCF-HZD";
			};
			name = Release;
		};
/* End XCBuildConfiguration section */

/* Begin XCConfigurationList section */
		920F193922816876007B32C7 /* Build configuration list for PBXProject "GXCF-HZD" */ = {
			isa = XCConfigurationList;
			buildConfigurations = (
				920F196422816879007B32C7 /* Debug */,
				920F196522816879007B32C7 /* Release */,
			);
			defaultConfigurationIsVisible = 0;
			defaultConfigurationName = Release;
		};
		920F196622816879007B32C7 /* Build configuration list for PBXNativeTarget "GXCF-HZD" */ = {
			isa = XCConfigurationList;
			buildConfigurations = (
				920F196722816879007B32C7 /* Debug */,
				920F196822816879007B32C7 /* Release */,
			);
			defaultConfigurationIsVisible = 0;
			defaultConfigurationName = Release;
		};
		920F196922816879007B32C7 /* Build configuration list for PBXNativeTarget "GXCF-HZDTests" */ = {
			isa = XCConfigurationList;
			buildConfigurations = (
				920F196A22816879007B32C7 /* Debug */,
				920F196B22816879007B32C7 /* Release */,
			);
			defaultConfigurationIsVisible = 0;
			defaultConfigurationName = Release;
		};
		920F196C22816879007B32C7 /* Build configuration list for PBXNativeTarget "GXCF-HZDUITests" */ = {
			isa = XCConfigurationList;
			buildConfigurations = (
				920F196D22816879007B32C7 /* Debug */,
				920F196E22816879007B32C7 /* Release */,
			);
			defaultConfigurationIsVisible = 0;
			defaultConfigurationName = Release;
		};
/* End XCConfigurationList section */
	};
	rootObject = 920F193622816876007B32C7 /* Project object */;
}
